
Microsoft Visual Studio Solution File, Format Version 12.00
# Visual Studio 2013
VisualStudioVersion = 12.0.31101.0
MinimumVisualStudioVersion = 10.0.40219.1
Project("{FAE04EC0-301F-11D3-BF4B-00C04F79EFBC}") = "StatTracker", "StatTracker\StatTracker.csproj", "{64F3749E-F88A-4FFE-9CBE-AFAC8422A181}"
EndProject
Project("{FAE04EC0-301F-11D3-BF4B-00C04F79EFBC}") = "StatTracker.Tests", "StatTracker.Tests\StatTracker.Tests.csproj", "{F911F0C8-FFC7-447D-A7B4-302C336EA10A}"
EndProject
Project("{FAE04EC0-301F-11D3-BF4B-00C04F79EFBC}") = "StatTracker.Domain", "StatTracker.Domain\StatTracker.Domain.csproj", "{F2F499BE-2587-4EBD-A90F-9BB350146BE0}"
EndProject
Project("{FAE04EC0-301F-11D3-BF4B-00C04F79EFBC}") = "StatTracker.Domain.Objects", "StatTracker.Domain.Objects\StatTracker.Domain.Objects.csproj", "{558693EA-2867-4ABE-97CD-860ACBC61AF0}"
EndProject
Project("{FAE04EC0-301F-11D3-BF4B-00C04F79EFBC}") = "StatTracker.Repository", "StatTracker.Repository\StatTracker.Repository.csproj", "{289FA485-4D55-4175-B608-8643F9ADA7B3}"
EndProject
Project("{FAE04EC0-301F-11D3-BF4B-00C04F79EFBC}") = "StatTracker.Repository.Mock", "StatTracker.Repository.Mock\StatTracker.Repository.Mock.csproj", "{6A08D8D1-08DE-47E5-B455-6581B55E534F}"
EndProject
Project("{FAE04EC0-301F-11D3-BF4B-00C04F79EFBC}") = "StatTracker.Domain.Tests", "StatTracker.Domain.Tests\StatTracker.Domain.Tests.csproj", "{D25E95AB-B969-4797-83B8-1880CDD888FD}"
EndProject
Project("{FAE04EC0-301F-11D3-BF4B-00C04F79EFBC}") = "StatTracker.Repository.Tests", "StatTracker.Repository.Tests\StatTracker.Repository.Tests.csproj", "{4F500A90-53BD-47D9-BA77-4C2EF423D05C}"
EndProject
Global
	GlobalSection(SolutionConfigurationPlatforms) = preSolution
		Debug|Any CPU = Debug|Any CPU
		Release|Any CPU = Release|Any CPU
	EndGlobalSection
	GlobalSection(ProjectConfigurationPlatforms) = postSolution
		{64F3749E-F88A-4FFE-9CBE-AFAC8422A181}.Debug|Any CPU.ActiveCfg = Debug|Any CPU
		{64F3749E-F88A-4FFE-9CBE-AFAC8422A181}.Debug|Any CPU.Build.0 = Debug|Any CPU
		{64F3749E-F88A-4FFE-9CBE-AFAC8422A181}.Release|Any CPU.ActiveCfg = Release|Any CPU
		{64F3749E-F88A-4FFE-9CBE-AFAC8422A181}.Release|Any CPU.Build.0 = Release|Any CPU
		{F911F0C8-FFC7-447D-A7B4-302C336EA10A}.Debug|Any CPU.ActiveCfg = Debug|Any CPU
		{F911F0C8-FFC7-447D-A7B4-302C336EA10A}.Debug|Any CPU.Build.0 = Debug|Any CPU
		{F911F0C8-FFC7-447D-A7B4-302C336EA10A}.Release|Any CPU.ActiveCfg = Release|Any CPU
		{F911F0C8-FFC7-447D-A7B4-302C336EA10A}.Release|Any CPU.Build.0 = Release|Any CPU
		{F2F499BE-2587-4EBD-A90F-9BB350146BE0}.Debug|Any CPU.ActiveCfg = Debug|Any CPU
		{F2F499BE-2587-4EBD-A90F-9BB350146BE0}.Debug|Any CPU.Build.0 = Debug|Any CPU
		{F2F499BE-2587-4EBD-A90F-9BB350146BE0}.Release|Any CPU.ActiveCfg = Release|Any CPU
		{F2F499BE-2587-4EBD-A90F-9BB350146BE0}.Release|Any CPU.Build.0 = Release|Any CPU
		{558693EA-2867-4ABE-97CD-860ACBC61AF0}.Debug|Any CPU.ActiveCfg = Debug|Any CPU
		{558693EA-2867-4ABE-97CD-860ACBC61AF0}.Debug|Any CPU.Build.0 = Debug|Any CPU
		{558693EA-2867-4ABE-97CD-860ACBC61AF0}.Release|Any CPU.ActiveCfg = Release|Any CPU
		{558693EA-2867-4ABE-97CD-860ACBC61AF0}.Release|Any CPU.Build.0 = Release|Any CPU
		{289FA485-4D55-4175-B608-8643F9ADA7B3}.Debug|Any CPU.ActiveCfg = Debug|Any CPU
		{289FA485-4D55-4175-B608-8643F9ADA7B3}.Debug|Any CPU.Build.0 = Debug|Any CPU
		{289FA485-4D55-4175-B608-8643F9ADA7B3}.Release|Any CPU.ActiveCfg = Release|Any CPU
		{289FA485-4D55-4175-B608-8643F9ADA7B3}.Release|Any CPU.Build.0 = Release|Any CPU
		{6A08D8D1-08DE-47E5-B455-6581B55E534F}.Debug|Any CPU.ActiveCfg = Debug|Any CPU
		{6A08D8D1-08DE-47E5-B455-6581B55E534F}.Debug|Any CPU.Build.0 = Debug|Any CPU
		{6A08D8D1-08DE-47E5-B455-6581B55E534F}.Release|Any CPU.ActiveCfg = Release|Any CPU
		{6A08D8D1-08DE-47E5-B455-6581B55E534F}.Release|Any CPU.Build.0 = Release|Any CPU
		{D25E95AB-B969-4797-83B8-1880CDD888FD}.Debug|Any CPU.ActiveCfg = Debug|Any CPU
		{D25E95AB-B969-4797-83B8-1880CDD888FD}.Debug|Any CPU.Build.0 = Debug|Any CPU
		{D25E95AB-B969-4797-83B8-1880CDD888FD}.Release|Any CPU.ActiveCfg = Release|Any CPU
		{D25E95AB-B969-4797-83B8-1880CDD888FD}.Release|Any CPU.Build.0 = Release|Any CPU
		{4F500A90-53BD-47D9-BA77-4C2EF423D05C}.Debug|Any CPU.ActiveCfg = Debug|Any CPU
		{4F500A90-53BD-47D9-BA77-4C2EF423D05C}.Debug|Any CPU.Build.0 = Debug|Any CPU
		{4F500A90-53BD-47D9-BA77-4C2EF423D05C}.Release|Any CPU.ActiveCfg = Release|Any CPU
		{4F500A90-53BD-47D9-BA77-4C2EF423D05C}.Release|Any CPU.Build.0 = Release|Any CPU
	EndGlobalSection
	GlobalSection(SolutionProperties) = preSolution
		HideSolutionNode = FALSE
	EndGlobalSection
EndGlobal
